// !$*UTF8*$!
{
	archiveVersion = 1;
	classes = {
	};
	objectVersion = 50;
	objects = {

/* Begin PBXBuildFile section */
		6E21F04D2674008900B5F0DC /* ExpensesTrackerApp.swift in Sources */ = {isa = PBXBuildFile; fileRef = 6E21F04C2674008900B5F0DC /* ExpensesTrackerApp.swift */; };
		6E21F04F2674008900B5F0DC /* ContentView.swift in Sources */ = {isa = PBXBuildFile; fileRef = 6E21F04E2674008900B5F0DC /* ContentView.swift */; };
		6E21F0512674008A00B5F0DC /* Assets.xcassets in Resources */ = {isa = PBXBuildFile; fileRef = 6E21F0502674008A00B5F0DC /* Assets.xcassets */; };
		6E21F0542674008A00B5F0DC /* Preview Assets.xcassets in Resources */ = {isa = PBXBuildFile; fileRef = 6E21F0532674008A00B5F0DC /* Preview Assets.xcassets */; };
		6E21F05F2674008A00B5F0DC /* ExpensesTrackerTests.swift in Sources */ = {isa = PBXBuildFile; fileRef = 6E21F05E2674008A00B5F0DC /* ExpensesTrackerTests.swift */; };
		6E21F06A2674008A00B5F0DC /* ExpensesTrackerUITests.swift in Sources */ = {isa = PBXBuildFile; fileRef = 6E21F0692674008A00B5F0DC /* ExpensesTrackerUITests.swift */; };
/* End PBXBuildFile section */

/* Begin PBXContainerItemProxy section */
		6E21F05B2674008A00B5F0DC /* PBXContainerItemProxy */ = {
			isa = PBXContainerItemProxy;
			containerPortal = 6E21F0412674008900B5F0DC /* Project object */;
			proxyType = 1;
			remoteGlobalIDString = 6E21F0482674008900B5F0DC;
			remoteInfo = ExpensesTracker;
		};
		6E21F0662674008A00B5F0DC /* PBXContainerItemProxy */ = {
			isa = PBXContainerItemProxy;
			containerPortal = 6E21F0412674008900B5F0DC /* Project object */;
			proxyType = 1;
			remoteGlobalIDString = 6E21F0482674008900B5F0DC;
			remoteInfo = ExpensesTracker;
		};
/* End PBXContainerItemProxy section */

/* Begin PBXFileReference section */
		6E21F0492674008900B5F0DC /* ExpensesTracker.app */ = {isa = PBXFileReference; explicitFileType = wrapper.application; includeInIndex = 0; path = ExpensesTracker.app; sourceTree = BUILT_PRODUCTS_DIR; };
		6E21F04C2674008900B5F0DC /* ExpensesTrackerApp.swift */ = {isa = PBXFileReference; lastKnownFileType = sourcecode.swift; path = ExpensesTrackerApp.swift; sourceTree = "<group>"; };
		6E21F04E2674008900B5F0DC /* ContentView.swift */ = {isa = PBXFileReference; lastKnownFileType = sourcecode.swift; path = ContentView.swift; sourceTree = "<group>"; };
		6E21F0502674008A00B5F0DC /* Assets.xcassets */ = {isa = PBXFileReference; lastKnownFileType = folder.assetcatalog; path = Assets.xcassets; sourceTree = "<group>"; };
		6E21F0532674008A00B5F0DC /* Preview Assets.xcassets */ = {isa = PBXFileReference; lastKnownFileType = folder.assetcatalog; path = "Preview Assets.xcassets"; sourceTree = "<group>"; };
		6E21F0552674008A00B5F0DC /* Info.plist */ = {isa = PBXFileReference; lastKnownFileType = text.plist.xml; path = Info.plist; sourceTree = "<group>"; };
		6E21F05A2674008A00B5F0DC /* ExpensesTrackerTests.xctest */ = {isa = PBXFileReference; explicitFileType = wrapper.cfbundle; includeInIndex = 0; path = ExpensesTrackerTests.xctest; sourceTree = BUILT_PRODUCTS_DIR; };
		6E21F05E2674008A00B5F0DC /* ExpensesTrackerTests.swift */ = {isa = PBXFileReference; lastKnownFileType = sourcecode.swift; path = ExpensesTrackerTests.swift; sourceTree = "<group>"; };
		6E21F0602674008A00B5F0DC /* Info.plist */ = {isa = PBXFileReference; lastKnownFileType = text.plist.xml; path = Info.plist; sourceTree = "<group>"; };
		6E21F0652674008A00B5F0DC /* ExpensesTrackerUITests.xctest */ = {isa = PBXFileReference; explicitFileType = wrapper.cfbundle; includeInIndex = 0; path = ExpensesTrackerUITests.xctest; sourceTree = BUILT_PRODUCTS_DIR; };
		6E21F0692674008A00B5F0DC /* ExpensesTrackerUITests.swift */ = {isa = PBXFileReference; lastKnownFileType = sourcecode.swift; path = ExpensesTrackerUITests.swift; sourceTree = "<group>"; };
		6E21F06B2674008A00B5F0DC /* Info.plist */ = {isa = PBXFileReference; lastKnownFileType = text.plist.xml; path = Info.plist; sourceTree = "<group>"; };
/* End PBXFileReference section */

/* Begin PBXFrameworksBuildPhase section */
		6E21F0462674008900B5F0DC /* Frameworks */ = {
			isa = PBXFrameworksBuildPhase;
			buildActionMask = 2147483647;
			files = (
			);
			runOnlyForDeploymentPostprocessing = 0;
		};
		6E21F0572674008A00B5F0DC /* Frameworks */ = {
			isa = PBXFrameworksBuildPhase;
			buildActionMask = 2147483647;
			files = (
			);
			runOnlyForDeploymentPostprocessing = 0;
		};
		6E21F0622674008A00B5F0DC /* Frameworks */ = {
			isa = PBXFrameworksBuildPhase;
			buildActionMask = 2147483647;
			files = (
			);
			runOnlyForDeploymentPostprocessing = 0;
		};
/* End PBXFrameworksBuildPhase section */

/* Begin PBXGroup section */
		6E21F0402674008900B5F0DC = {
			isa = PBXGroup;
			children = (
				6E21F04B2674008900B5F0DC /* ExpensesTracker */,
				6E21F05D2674008A00B5F0DC /* ExpensesTrackerTests */,
				6E21F0682674008A00B5F0DC /* ExpensesTrackerUITests */,
				6E21F04A2674008900B5F0DC /* Products */,
			);
			sourceTree = "<group>";
		};
		6E21F04A2674008900B5F0DC /* Products */ = {
			isa = PBXGroup;
			children = (
				6E21F0492674008900B5F0DC /* ExpensesTracker.app */,
				6E21F05A2674008A00B5F0DC /* ExpensesTrackerTests.xctest */,
				6E21F0652674008A00B5F0DC /* ExpensesTrackerUITests.xctest */,
			);
			name = Products;
			sourceTree = "<group>";
		};
		6E21F04B2674008900B5F0DC /* ExpensesTracker */ = {
			isa = PBXGroup;
			children = (
				6E21F04C2674008900B5F0DC /* ExpensesTrackerApp.swift */,
				6E21F04E2674008900B5F0DC /* ContentView.swift */,
				6E21F0502674008A00B5F0DC /* Assets.xcassets */,
				6E21F0552674008A00B5F0DC /* Info.plist */,
				6E21F0522674008A00B5F0DC /* Preview Content */,
			);
			path = ExpensesTracker;
			sourceTree = "<group>";
		};
		6E21F0522674008A00B5F0DC /* Preview Content */ = {
			isa = PBXGroup;
			children = (
				6E21F0532674008A00B5F0DC /* Preview Assets.xcassets */,
			);
			path = "Preview Content";
			sourceTree = "<group>";
		};
		6E21F05D2674008A00B5F0DC /* ExpensesTrackerTests */ = {
			isa = PBXGroup;
			children = (
				6E21F05E2674008A00B5F0DC /* ExpensesTrackerTests.swift */,
				6E21F0602674008A00B5F0DC /* Info.plist */,
			);
			path = ExpensesTrackerTests;
			sourceTree = "<group>";
		};
		6E21F0682674008A00B5F0DC /* ExpensesTrackerUITests */ = {
			isa = PBXGroup;
			children = (
				6E21F0692674008A00B5F0DC /* ExpensesTrackerUITests.swift */,
				6E21F06B2674008A00B5F0DC /* Info.plist */,
			);
			path = ExpensesTrackerUITests;
			sourceTree = "<group>";
		};
/* End PBXGroup section */

/* Begin PBXNativeTarget section */
		6E21F0482674008900B5F0DC /* ExpensesTracker */ = {
			isa = PBXNativeTarget;
			buildConfigurationList = 6E21F06E2674008A00B5F0DC /* Build configuration list for PBXNativeTarget "ExpensesTracker" */;
			buildPhases = (
				6E21F0452674008900B5F0DC /* Sources */,
				6E21F0462674008900B5F0DC /* Frameworks */,
				6E21F0472674008900B5F0DC /* Resources */,
			);
			buildRules = (
			);
			dependencies = (
			);
			name = ExpensesTracker;
			productName = ExpensesTracker;
			productReference = 6E21F0492674008900B5F0DC /* ExpensesTracker.app */;
			productType = "com.apple.product-type.application";
		};
		6E21F0592674008A00B5F0DC /* ExpensesTrackerTests */ = {
			isa = PBXNativeTarget;
			buildConfigurationList = 6E21F0712674008A00B5F0DC /* Build configuration list for PBXNativeTarget "ExpensesTrackerTests" */;
			buildPhases = (
				6E21F0562674008A00B5F0DC /* Sources */,
				6E21F0572674008A00B5F0DC /* Frameworks */,
				6E21F0582674008A00B5F0DC /* Resources */,
			);
			buildRules = (
			);
			dependencies = (
				6E21F05C2674008A00B5F0DC /* PBXTargetDependency */,
			);
			name = ExpensesTrackerTests;
			productName = ExpensesTrackerTests;
			productReference = 6E21F05A2674008A00B5F0DC /* ExpensesTrackerTests.xctest */;
			productType = "com.apple.product-type.bundle.unit-test";
		};
		6E21F0642674008A00B5F0DC /* ExpensesTrackerUITests */ = {
			isa = PBXNativeTarget;
			buildConfigurationList = 6E21F0742674008A00B5F0DC /* Build configuration list for PBXNativeTarget "ExpensesTrackerUITests" */;
			buildPhases = (
				6E21F0612674008A00B5F0DC /* Sources */,
				6E21F0622674008A00B5F0DC /* Frameworks */,
				6E21F0632674008A00B5F0DC /* Resources */,
			);
			buildRules = (
			);
			dependencies = (
				6E21F0672674008A00B5F0DC /* PBXTargetDependency */,
			);
			name = ExpensesTrackerUITests;
			productName = ExpensesTrackerUITests;
			productReference = 6E21F0652674008A00B5F0DC /* ExpensesTrackerUITests.xctest */;
			productType = "com.apple.product-type.bundle.ui-testing";
		};
/* End PBXNativeTarget section */

/* Begin PBXProject section */
		6E21F0412674008900B5F0DC /* Project object */ = {
			isa = PBXProject;
			attributes = {
				LastSwiftUpdateCheck = 1230;
				LastUpgradeCheck = 1230;
				TargetAttributes = {
					6E21F0482674008900B5F0DC = {
						CreatedOnToolsVersion = 12.3;
					};
					6E21F0592674008A00B5F0DC = {
						CreatedOnToolsVersion = 12.3;
						TestTargetID = 6E21F0482674008900B5F0DC;
					};
					6E21F0642674008A00B5F0DC = {
						CreatedOnToolsVersion = 12.3;
						TestTargetID = 6E21F0482674008900B5F0DC;
					};
				};
			};
			buildConfigurationList = 6E21F0442674008900B5F0DC /* Build configuration list for PBXProject "ExpensesTracker" */;
			compatibilityVersion = "Xcode 9.3";
			developmentRegion = en;
			hasScannedForEncodings = 0;
			knownRegions = (
				en,
				Base,
			);
			mainGroup = 6E21F0402674008900B5F0DC;
			productRefGroup = 6E21F04A2674008900B5F0DC /* Products */;
			projectDirPath = "";
			projectRoot = "";
			targets = (
				6E21F0482674008900B5F0DC /* ExpensesTracker */,
				6E21F0592674008A00B5F0DC /* ExpensesTrackerTests */,
				6E21F0642674008A00B5F0DC /* ExpensesTrackerUITests */,
			);
		};
/* End PBXProject section */

/* Begin PBXResourcesBuildPhase section */
		6E21F0472674008900B5F0DC /* Resources */ = {
			isa = PBXResourcesBuildPhase;
			buildActionMask = 2147483647;
			files = (
				6E21F0542674008A00B5F0DC /* Preview Assets.xcassets in Resources */,
				6E21F0512674008A00B5F0DC /* Assets.xcassets in Resources */,
			);
			runOnlyForDeploymentPostprocessing = 0;
		};
		6E21F0582674008A00B5F0DC /* Resources */ = {
			isa = PBXResourcesBuildPhase;
			buildActionMask = 2147483647;
			files = (
			);
			runOnlyForDeploymentPostprocessing = 0;
		};
		6E21F0632674008A00B5F0DC /* Resources */ = {
			isa = PBXResourcesBuildPhase;
			buildActionMask = 2147483647;
			files = (
			);
			runOnlyForDeploymentPostprocessing = 0;
		};
/* End PBXResourcesBuildPhase section */

/* Begin PBXSourcesBuildPhase section */
		6E21F0452674008900B5F0DC /* Sources */ = {
			isa = PBXSourcesBuildPhase;
			buildActionMask = 2147483647;
			files = (
				6E21F04F2674008900B5F0DC /* ContentView.swift in Sources */,
				6E21F04D2674008900B5F0DC /* ExpensesTrackerApp.swift in Sources */,
			);
			runOnlyForDeploymentPostprocessing = 0;
		};
		6E21F0562674008A00B5F0DC /* Sources */ = {
			isa = PBXSourcesBuildPhase;
			buildActionMask = 2147483647;
			files = (
				6E21F05F2674008A00B5F0DC /* ExpensesTrackerTests.swift in Sources */,
			);
			runOnlyForDeploymentPostprocessing = 0;
		};
		6E21F0612674008A00B5F0DC /* Sources */ = {
			isa = PBXSourcesBuildPhase;
			buildActionMask = 2147483647;
			files = (
				6E21F06A2674008A00B5F0DC /* ExpensesTrackerUITests.swift in Sources */,
			);
			runOnlyForDeploymentPostprocessing = 0;
		};
/* End PBXSourcesBuildPhase section */

/* Begin PBXTargetDependency section */
		6E21F05C2674008A00B5F0DC /* PBXTargetDependency */ = {
			isa = PBXTargetDependency;
			target = 6E21F0482674008900B5F0DC /* ExpensesTracker */;
			targetProxy = 6E21F05B2674008A00B5F0DC /* PBXContainerItemProxy */;
		};
		6E21F0672674008A00B5F0DC /* PBXTargetDependency */ = {
			isa = PBXTargetDependency;
			target = 6E21F0482674008900B5F0DC /* ExpensesTracker */;
			targetProxy = 6E21F0662674008A00B5F0DC /* PBXContainerItemProxy */;
		};
/* End PBXTargetDependency section */

/* Begin XCBuildConfiguration section */
		6E21F06C2674008A00B5F0DC /* Debug */ = {
			isa = XCBuildConfiguration;
			buildSettings = {
				ALWAYS_SEARCH_USER_PATHS = NO;
				CLANG_ANALYZER_NONNULL = YES;
				CLANG_ANALYZER_NUMBER_OBJECT_CONVERSION = YES_AGGRESSIVE;
				CLANG_CXX_LANGUAGE_STANDARD = "gnu++14";
				CLANG_CXX_LIBRARY = "libc++";
				CLANG_ENABLE_MODULES = YES;
				CLANG_ENABLE_OBJC_ARC = YES;
				CLANG_ENABLE_OBJC_WEAK = YES;
				CLANG_WARN_BLOCK_CAPTURE_AUTORELEASING = YES;
				CLANG_WARN_BOOL_CONVERSION = YES;
				CLANG_WARN_COMMA = YES;
				CLANG_WARN_CONSTANT_CONVERSION = YES;
				CLANG_WARN_DEPRECATED_OBJC_IMPLEMENTATIONS = YES;
				CLANG_WARN_DIRECT_OBJC_ISA_USAGE = YES_ERROR;
				CLANG_WARN_DOCUMENTATION_COMMENTS = YES;
				CLANG_WARN_EMPTY_BODY = YES;
				CLANG_WARN_ENUM_CONVERSION = YES;
				CLANG_WARN_INFINITE_RECURSION = YES;
				CLANG_WARN_INT_CONVERSION = YES;
				CLANG_WARN_NON_LITERAL_NULL_CONVERSION = YES;
				CLANG_WARN_OBJC_IMPLICIT_RETAIN_SELF = YES;
				CLANG_WARN_OBJC_LITERAL_CONVERSION = YES;
				CLANG_WARN_OBJC_ROOT_CLASS = YES_ERROR;
				CLANG_WARN_QUOTED_INCLUDE_IN_FRAMEWORK_HEADER = YES;
				CLANG_WARN_RANGE_LOOP_ANALYSIS = YES;
				CLANG_WARN_STRICT_PROTOTYPES = YES;
				CLANG_WARN_SUSPICIOUS_MOVE = YES;
				CLANG_WARN_UNGUARDED_AVAILABILITY = YES_AGGRESSIVE;
				CLANG_WARN_UNREACHABLE_CODE = YES;
				CLANG_WARN__DUPLICATE_METHOD_MATCH = YES;
				COPY_PHASE_STRIP = NO;
				DEBUG_INFORMATION_FORMAT = dwarf;
				ENABLE_STRICT_OBJC_MSGSEND = YES;
				ENABLE_TESTABILITY = YES;
				GCC_C_LANGUAGE_STANDARD = gnu11;
				GCC_DYNAMIC_NO_PIC = NO;
				GCC_NO_COMMON_BLOCKS = YES;
				GCC_OPTIMIZATION_LEVEL = 0;
				GCC_PREPROCESSOR_DEFINITIONS = (
					"DEBUG=1",
					"$(inherited)",
				);
				GCC_WARN_64_TO_32_BIT_CONVERSION = YES;
				GCC_WARN_ABOUT_RETURN_TYPE = YES_ERROR;
				GCC_WARN_UNDECLARED_SELECTOR = YES;
				GCC_WARN_UNINITIALIZED_AUTOS = YES_AGGRESSIVE;
				GCC_WARN_UNUSED_FUNCTION = YES;
				GCC_WARN_UNUSED_VARIABLE = YES;
				IPHONEOS_DEPLOYMENT_TARGET = 14.3;
				MTL_ENABLE_DEBUG_INFO = INCLUDE_SOURCE;
				MTL_FAST_MATH = YES;
				ONLY_ACTIVE_ARCH = YES;
				SDKROOT = iphoneos;
				SWIFT_ACTIVE_COMPILATION_CONDITIONS = DEBUG;
				SWIFT_OPTIMIZATION_LEVEL = "-Onone";
			};
			name = Debug;
		};
		6E21F06D2674008A00B5F0DC /* Release */ = {
			isa = XCBuildConfiguration;
			buildSettings = {
				ALWAYS_SEARCH_USER_PATHS = NO;
				CLANG_ANALYZER_NONNULL = YES;
				CLANG_ANALYZER_NUMBER_OBJECT_CONVERSION = YES_AGGRESSIVE;
				CLANG_CXX_LANGUAGE_STANDARD = "gnu++14";
				CLANG_CXX_LIBRARY = "libc++";
				CLANG_ENABLE_MODULES = YES;
				CLANG_ENABLE_OBJC_ARC = YES;
				CLANG_ENABLE_OBJC_WEAK = YES;
				CLANG_WARN_BLOCK_CAPTURE_AUTORELEASING = YES;
				CLANG_WARN_BOOL_CONVERSION = YES;
				CLANG_WARN_COMMA = YES;
				CLANG_WARN_CONSTANT_CONVERSION = YES;
				CLANG_WARN_DEPRECATED_OBJC_IMPLEMENTATIONS = YES;
				CLANG_WARN_DIRECT_OBJC_ISA_USAGE = YES_ERROR;
				CLANG_WARN_DOCUMENTATION_COMMENTS = YES;
				CLANG_WARN_EMPTY_BODY = YES;
				CLANG_WARN_ENUM_CONVERSION = YES;
				CLANG_WARN_INFINITE_RECURSION = YES;
				CLANG_WARN_INT_CONVERSION = YES;
				CLANG_WARN_NON_LITERAL_NULL_CONVERSION = YES;
				CLANG_WARN_OBJC_IMPLICIT_RETAIN_SELF = YES;
				CLANG_WARN_OBJC_LITERAL_CONVERSION = YES;
				CLANG_WARN_OBJC_ROOT_CLASS = YES_ERROR;
				CLANG_WARN_QUOTED_INCLUDE_IN_FRAMEWORK_HEADER = YES;
				CLANG_WARN_RANGE_LOOP_ANALYSIS = YES;
				CLANG_WARN_STRICT_PROTOTYPES = YES;
				CLANG_WARN_SUSPICIOUS_MOVE = YES;
				CLANG_WARN_UNGUARDED_AVAILABILITY = YES_AGGRESSIVE;
				CLANG_WARN_UNREACHABLE_CODE = YES;
				CLANG_WARN__DUPLICATE_METHOD_MATCH = YES;
				COPY_PHASE_STRIP = NO;
				DEBUG_INFORMATION_FORMAT = "dwarf-with-dsym";
				ENABLE_NS_ASSERTIONS = NO;
				ENABLE_STRICT_OBJC_MSGSEND = YES;
				GCC_C_LANGUAGE_STANDARD = gnu11;
				GCC_NO_COMMON_BLOCKS = YES;
				GCC_WARN_64_TO_32_BIT_CONVERSION = YES;
				GCC_WARN_ABOUT_RETURN_TYPE = YES_ERROR;
				GCC_WARN_UNDECLARED_SELECTOR = YES;
				GCC_WARN_UNINITIALIZED_AUTOS = YES_AGGRESSIVE;
				GCC_WARN_UNUSED_FUNCTION = YES;
				GCC_WARN_UNUSED_VARIABLE = YES;
				IPHONEOS_DEPLOYMENT_TARGET = 14.3;
				MTL_ENABLE_DEBUG_INFO = NO;
				MTL_FAST_MATH = YES;
				SDKROOT = iphoneos;
				SWIFT_COMPILATION_MODE = wholemodule;
				SWIFT_OPTIMIZATION_LEVEL = "-O";
				VALIDATE_PRODUCT = YES;
			};
			name = Release;
		};
		6E21F06F2674008A00B5F0DC /* Debug */ = {
			isa = XCBuildConfiguration;
			buildSettings = {
				ASSETCATALOG_COMPILER_APPICON_NAME = AppIcon;
				ASSETCATALOG_COMPILER_GLOBAL_ACCENT_COLOR_NAME = AccentColor;
				CODE_SIGN_STYLE = Automatic;
				DEVELOPMENT_ASSET_PATHS = "\"ExpensesTracker/Preview Content\"";
				DEVELOPMENT_TEAM = Z5W388L396;
				ENABLE_PREVIEWS = YES;
				INFOPLIST_FILE = ExpensesTracker/Info.plist;
				IPHONEOS_DEPLOYMENT_TARGET = 14.0;
				LD_RUNPATH_SEARCH_PATHS = (
					"$(inherited)",
					"@executable_path/Frameworks",
				);
				PRODUCT_BUNDLE_IDENTIFIER = com.optionaldev.ExpensesTracker;
				PRODUCT_NAME = "$(TARGET_NAME)";
				SWIFT_VERSION = 5.0;
				TARGETED_DEVICE_FAMILY = "1,2";
			};
			name = Debug;
		};
		6E21F0702674008A00B5F0DC /* Release */ = {
			isa = XCBuildConfiguration;
			buildSettings = {
				ASSETCATALOG_COMPILER_APPICON_NAME = AppIcon;
				ASSETCATALOG_COMPILER_GLOBAL_ACCENT_COLOR_NAME = AccentColor;
				CODE_SIGN_STYLE = Automatic;
				DEVELOPMENT_ASSET_PATHS = "\"ExpensesTracker/Preview Content\"";
				DEVELOPMENT_TEAM = Z5W388L396;
				ENABLE_PREVIEWS = YES;
				INFOPLIST_FILE = ExpensesTracker/Info.plist;
				IPHONEOS_DEPLOYMENT_TARGET = 14.0;
				LD_RUNPATH_SEARCH_PATHS = (
					"$(inherited)",
					"@executable_path/Frameworks",
				);
				PRODUCT_BUNDLE_IDENTIFIER = com.optionaldev.ExpensesTracker;
				PRODUCT_NAME = "$(TARGET_NAME)";
				SWIFT_VERSION = 5.0;
				TARGETED_DEVICE_FAMILY = "1,2";
			};
			name = Release;
		};
		6E21F0722674008A00B5F0DC /* Debug */ = {
			isa = XCBuildConfiguration;
			buildSettings = {
				ALWAYS_EMBED_SWIFT_STANDARD_LIBRARIES = YES;
				BUNDLE_LOADER = "$(TEST_HOST)";
				CODE_SIGN_STYLE = Automatic;
				DEVELOPMENT_TEAM = Z5W388L396;
				INFOPLIST_FILE = ExpensesTrackerTests/Info.plist;
				IPHONEOS_DEPLOYMENT_TARGET = 14.0;
				LD_RUNPATH_SEARCH_PATHS = (
					"$(inherited)",
					"@executable_path/Frameworks",
					"@loader_path/Frameworks",
				);
				PRODUCT_BUNDLE_IDENTIFIER = com.optionaldev.ExpensesTrackerTests;
				PRODUCT_NAME = "$(TARGET_NAME)";
				SWIFT_VERSION = 5.0;
				TARGETED_DEVICE_FAMILY = "1,2";
				TEST_HOST = "$(BUILT_PRODUCTS_DIR)/ExpensesTracker.app/ExpensesTracker";
			};
			name = Debug;
		};
		6E21F0732674008A00B5F0DC /* Release */ = {
			isa = XCBuildConfiguration;
			buildSettings = {
				ALWAYS_EMBED_SWIFT_STANDARD_LIBRARIES = YES;
				BUNDLE_LOADER = "$(TEST_HOST)";
				CODE_SIGN_STYLE = Automatic;
				DEVELOPMENT_TEAM = Z5W388L396;
				INFOPLIST_FILE = ExpensesTrackerTests/Info.plist;
				IPHONEOS_DEPLOYMENT_TARGET = 14.0;
				LD_RUNPATH_SEARCH_PATHS = (
					"$(inherited)",
					"@executable_path/Frameworks",
					"@loader_path/Frameworks",
				);
				PRODUCT_BUNDLE_IDENTIFIER = com.optionaldev.ExpensesTrackerTests;
				PRODUCT_NAME = "$(TARGET_NAME)";
				SWIFT_VERSION = 5.0;
				TARGETED_DEVICE_FAMILY = "1,2";
				TEST_HOST = "$(BUILT_PRODUCTS_DIR)/ExpensesTracker.app/ExpensesTracker";
			};
			name = Release;
		};
		6E21F0752674008A00B5F0DC /* Debug */ = {
			isa = XCBuildConfiguration;
			buildSettings = {
				ALWAYS_EMBED_SWIFT_STANDARD_LIBRARIES = YES;
				CODE_SIGN_STYLE = Automatic;
				DEVELOPMENT_TEAM = Z5W388L396;
				INFOPLIST_FILE = ExpensesTrackerUITests/Info.plist;
				LD_RUNPATH_SEARCH_PATHS = (
					"$(inherited)",
					"@executable_path/Frameworks",
					"@loader_path/Frameworks",
				);
				PRODUCT_BUNDLE_IDENTIFIER = com.optionaldev.ExpensesTrackerUITests;
				PRODUCT_NAME = "$(TARGET_NAME)";
				SWIFT_VERSION = 5.0;
				TARGETED_DEVICE_FAMILY = "1,2";
				TEST_TARGET_NAME = ExpensesTracker;
			};
			name = Debug;
		};
		6E21F0762674008A00B5F0DC /* Release */ = {
			isa = XCBuildConfiguration;
			buildSettings = {
				ALWAYS_EMBED_SWIFT_STANDARD_LIBRARIES = YES;
				CODE_SIGN_STYLE = Automatic;
				DEVELOPMENT_TEAM = Z5W388L396;
				INFOPLIST_FILE = ExpensesTrackerUITests/Info.plist;
				LD_RUNPATH_SEARCH_PATHS = (
					"$(inherited)",
					"@executable_path/Frameworks",
					"@loader_path/Frameworks",
				);
				PRODUCT_BUNDLE_IDENTIFIER = com.optionaldev.ExpensesTrackerUITests;
				PRODUCT_NAME = "$(TARGET_NAME)";
				SWIFT_VERSION = 5.0;
				TARGETED_DEVICE_FAMILY = "1,2";
				TEST_TARGET_NAME = ExpensesTracker;
			};
			name = Release;
		};
/* End XCBuildConfiguration section */

/* Begin XCConfigurationList section */
		6E21F0442674008900B5F0DC /* Build configuration list for PBXProject "ExpensesTracker" */ = {
			isa = XCConfigurationList;
			buildConfigurations = (
				6E21F06C2674008A00B5F0DC /* Debug */,
				6E21F06D2674008A00B5F0DC /* Release */,
			);
			defaultConfigurationIsVisible = 0;
			defaultConfigurationName = Release;
		};
		6E21F06E2674008A00B5F0DC /* Build configuration list for PBXNativeTarget "ExpensesTracker" */ = {
			isa = XCConfigurationList;
			buildConfigurations = (
				6E21F06F2674008A00B5F0DC /* Debug */,
				6E21F0702674008A00B5F0DC /* Release */,
			);
			defaultConfigurationIsVisible = 0;
			defaultConfigurationName = Release;
		};
		6E21F0712674008A00B5F0DC /* Build configuration list for PBXNativeTarget "ExpensesTrackerTests" */ = {
			isa = XCConfigurationList;
			buildConfigurations = (
				6E21F0722674008A00B5F0DC /* Debug */,
				6E21F0732674008A00B5F0DC /* Release */,
			);
			defaultConfigurationIsVisible = 0;
			defaultConfigurationName = Release;
		};
		6E21F0742674008A00B5F0DC /* Build configuration list for PBXNativeTarget "ExpensesTrackerUITests" */ = {
			isa = XCConfigurationList;
			buildConfigurations = (
				6E21F0752674008A00B5F0DC /* Debug */,
				6E21F0762674008A00B5F0DC /* Release */,
			);
			defaultConfigurationIsVisible = 0;
			defaultConfigurationName = Release;
		};
/* End XCConfigurationList section */
	};
	rootObject = 6E21F0412674008900B5F0DC /* Project object */;
}
